// !$*UTF8*$!
{
	archiveVersion = 1;
	classes = {
	};
	objectVersion = 56;
	objects = {

/* Begin PBXBuildFile section */
		2AA201F62A6650C2007527F7 /* AppDelegate.swift in Sources */ = {isa = PBXBuildFile; fileRef = 2AA201F52A6650C2007527F7 /* AppDelegate.swift */; };
		2AA201F82A6650C2007527F7 /* SceneDelegate.swift in Sources */ = {isa = PBXBuildFile; fileRef = 2AA201F72A6650C2007527F7 /* SceneDelegate.swift */; };
		2AA201FA2A6650C2007527F7 /* ViewController.swift in Sources */ = {isa = PBXBuildFile; fileRef = 2AA201F92A6650C2007527F7 /* ViewController.swift */; };
		2AA201FD2A6650C2007527F7 /* Main.storyboard in Resources */ = {isa = PBXBuildFile; fileRef = 2AA201FB2A6650C2007527F7 /* Main.storyboard */; };
		2AA201FF2A6650C4007527F7 /* Assets.xcassets in Resources */ = {isa = PBXBuildFile; fileRef = 2AA201FE2A6650C4007527F7 /* Assets.xcassets */; };
		2AA202022A6650C4007527F7 /* LaunchScreen.storyboard in Resources */ = {isa = PBXBuildFile; fileRef = 2AA202002A6650C4007527F7 /* LaunchScreen.storyboard */; };
		2AA2020C2A66546B007527F7 /* SceneKitModels.scnassets in Resources */ = {isa = PBXBuildFile; fileRef = 2AA2020B2A66546B007527F7 /* SceneKitModels.scnassets */; };
		2AA2020F2A665AA1007527F7 /* Model3D.swift in Sources */ = {isa = PBXBuildFile; fileRef = 2AA2020E2A665AA1007527F7 /* Model3D.swift */; };
		2AA202122A665AE2007527F7 /* Constants.swift in Sources */ = {isa = PBXBuildFile; fileRef = 2AA202112A665AE2007527F7 /* Constants.swift */; };
		2AB9BA1B2A666DAD00E19A71 /* ModelsManager.swift in Sources */ = {isa = PBXBuildFile; fileRef = 2AB9BA1A2A666DAD00E19A71 /* ModelsManager.swift */; };
		2AB9BA1D2A666DED00E19A71 /* Appearence.swift in Sources */ = {isa = PBXBuildFile; fileRef = 2AB9BA1C2A666DED00E19A71 /* Appearence.swift */; };
		2AB9BA202A666E5B00E19A71 /* Extensions.swift in Sources */ = {isa = PBXBuildFile; fileRef = 2AB9BA1F2A666E5B00E19A71 /* Extensions.swift */; };
		2AB9BA222A666EBF00E19A71 /* SCNRefereneNodeExtension.swift in Sources */ = {isa = PBXBuildFile; fileRef = 2AB9BA212A666EBF00E19A71 /* SCNRefereneNodeExtension.swift */; };
		2AB9BA252A6673C500E19A71 /* TryModelVC.swift in Sources */ = {isa = PBXBuildFile; fileRef = 2AB9BA242A6673C500E19A71 /* TryModelVC.swift */; };
		2AB9BA272A66746400E19A71 /* ModelColorTBCell.swift in Sources */ = {isa = PBXBuildFile; fileRef = 2AB9BA262A66746400E19A71 /* ModelColorTBCell.swift */; };
		2AB9BA292A66748100E19A71 /* ModelSizeCVCell.swift in Sources */ = {isa = PBXBuildFile; fileRef = 2AB9BA282A66748100E19A71 /* ModelSizeCVCell.swift */; };
		AF03694C2A74084A00596F73 /* glass1.usdz in Resources */ = {isa = PBXBuildFile; fileRef = AF03694B2A74084A00596F73 /* glass1.usdz */; };
		AF03694E2A74085200596F73 /* glass2.usdz in Resources */ = {isa = PBXBuildFile; fileRef = AF03694D2A74085200596F73 /* glass2.usdz */; };
		AF0369502A74085900596F73 /* glass4.usdz in Resources */ = {isa = PBXBuildFile; fileRef = AF03694F2A74085900596F73 /* glass4.usdz */; };
		AF0369522A74085F00596F73 /* glass3.usdz in Resources */ = {isa = PBXBuildFile; fileRef = AF0369512A74085F00596F73 /* glass3.usdz */; };
		AF0369542A74086600596F73 /* glass5.usdz in Resources */ = {isa = PBXBuildFile; fileRef = AF0369532A74086600596F73 /* glass5.usdz */; };
		AF3455852A779FF500DDF132 /* PhotoPreviewView.swift in Sources */ = {isa = PBXBuildFile; fileRef = AF3455842A779FF500DDF132 /* PhotoPreviewView.swift */; };
		AF42AE322A89F6A000C1F3A6 /* CVFlowLayout.swift in Sources */ = {isa = PBXBuildFile; fileRef = AF42AE312A89F6A000C1F3A6 /* CVFlowLayout.swift */; };
		AF86AF982A7399C50028DB8C /* glassesUSDZ.usdz in Resources */ = {isa = PBXBuildFile; fileRef = AF86AF972A7399C50028DB8C /* glassesUSDZ.usdz */; };
/* End PBXBuildFile section */

/* Begin PBXFileReference section */
		2AA201F22A6650C2007527F7 /* ARFaceSCNDemo.app */ = {isa = PBXFileReference; explicitFileType = wrapper.application; includeInIndex = 0; path = ARFaceSCNDemo.app; sourceTree = BUILT_PRODUCTS_DIR; };
		2AA201F52A6650C2007527F7 /* AppDelegate.swift */ = {isa = PBXFileReference; lastKnownFileType = sourcecode.swift; path = AppDelegate.swift; sourceTree = "<group>"; };
		2AA201F72A6650C2007527F7 /* SceneDelegate.swift */ = {isa = PBXFileReference; lastKnownFileType = sourcecode.swift; path = SceneDelegate.swift; sourceTree = "<group>"; };
		2AA201F92A6650C2007527F7 /* ViewController.swift */ = {isa = PBXFileReference; lastKnownFileType = sourcecode.swift; path = ViewController.swift; sourceTree = "<group>"; };
		2AA201FC2A6650C2007527F7 /* Base */ = {isa = PBXFileReference; lastKnownFileType = file.storyboard; name = Base; path = Base.lproj/Main.storyboard; sourceTree = "<group>"; };
		2AA201FE2A6650C4007527F7 /* Assets.xcassets */ = {isa = PBXFileReference; lastKnownFileType = folder.assetcatalog; path = Assets.xcassets; sourceTree = "<group>"; };
		2AA202012A6650C4007527F7 /* Base */ = {isa = PBXFileReference; lastKnownFileType = file.storyboard; name = Base; path = Base.lproj/LaunchScreen.storyboard; sourceTree = "<group>"; };
		2AA202032A6650C4007527F7 /* Info.plist */ = {isa = PBXFileReference; lastKnownFileType = text.plist.xml; path = Info.plist; sourceTree = "<group>"; };
		2AA2020B2A66546B007527F7 /* SceneKitModels.scnassets */ = {isa = PBXFileReference; lastKnownFileType = wrapper.scnassets; path = SceneKitModels.scnassets; sourceTree = "<group>"; };
		2AA2020E2A665AA1007527F7 /* Model3D.swift */ = {isa = PBXFileReference; lastKnownFileType = sourcecode.swift; path = Model3D.swift; sourceTree = "<group>"; };
		2AA202112A665AE2007527F7 /* Constants.swift */ = {isa = PBXFileReference; lastKnownFileType = sourcecode.swift; path = Constants.swift; sourceTree = "<group>"; };
		2AB9BA1A2A666DAD00E19A71 /* ModelsManager.swift */ = {isa = PBXFileReference; lastKnownFileType = sourcecode.swift; path = ModelsManager.swift; sourceTree = "<group>"; };
		2AB9BA1C2A666DED00E19A71 /* Appearence.swift */ = {isa = PBXFileReference; lastKnownFileType = sourcecode.swift; path = Appearence.swift; sourceTree = "<group>"; };
		2AB9BA1F2A666E5B00E19A71 /* Extensions.swift */ = {isa = PBXFileReference; lastKnownFileType = sourcecode.swift; path = Extensions.swift; sourceTree = "<group>"; };
		2AB9BA212A666EBF00E19A71 /* SCNRefereneNodeExtension.swift */ = {isa = PBXFileReference; lastKnownFileType = sourcecode.swift; path = SCNRefereneNodeExtension.swift; sourceTree = "<group>"; };
		2AB9BA242A6673C500E19A71 /* TryModelVC.swift */ = {isa = PBXFileReference; lastKnownFileType = sourcecode.swift; path = TryModelVC.swift; sourceTree = "<group>"; };
		2AB9BA262A66746400E19A71 /* ModelColorTBCell.swift */ = {isa = PBXFileReference; lastKnownFileType = sourcecode.swift; path = ModelColorTBCell.swift; sourceTree = "<group>"; };
		2AB9BA282A66748100E19A71 /* ModelSizeCVCell.swift */ = {isa = PBXFileReference; lastKnownFileType = sourcecode.swift; path = ModelSizeCVCell.swift; sourceTree = "<group>"; };
		AF03694B2A74084A00596F73 /* glass1.usdz */ = {isa = PBXFileReference; lastKnownFileType = file.usdz; path = glass1.usdz; sourceTree = "<group>"; };
		AF03694D2A74085200596F73 /* glass2.usdz */ = {isa = PBXFileReference; lastKnownFileType = file.usdz; path = glass2.usdz; sourceTree = "<group>"; };
		AF03694F2A74085900596F73 /* glass4.usdz */ = {isa = PBXFileReference; lastKnownFileType = file.usdz; path = glass4.usdz; sourceTree = "<group>"; };
		AF0369512A74085F00596F73 /* glass3.usdz */ = {isa = PBXFileReference; lastKnownFileType = file.usdz; path = glass3.usdz; sourceTree = "<group>"; };
		AF0369532A74086600596F73 /* glass5.usdz */ = {isa = PBXFileReference; lastKnownFileType = file.usdz; path = glass5.usdz; sourceTree = "<group>"; };
		AF3455842A779FF500DDF132 /* PhotoPreviewView.swift */ = {isa = PBXFileReference; fileEncoding = 4; lastKnownFileType = sourcecode.swift; path = PhotoPreviewView.swift; sourceTree = "<group>"; };
		AF42AE312A89F6A000C1F3A6 /* CVFlowLayout.swift */ = {isa = PBXFileReference; lastKnownFileType = sourcecode.swift; path = CVFlowLayout.swift; sourceTree = "<group>"; };
		AF86AF972A7399C50028DB8C /* glassesUSDZ.usdz */ = {isa = PBXFileReference; lastKnownFileType = file.usdz; path = glassesUSDZ.usdz; sourceTree = "<group>"; };
/* End PBXFileReference section */

/* Begin PBXFrameworksBuildPhase section */
		2AA201EF2A6650C2007527F7 /* Frameworks */ = {
			isa = PBXFrameworksBuildPhase;
			buildActionMask = 2147483647;
			files = (
			);
			runOnlyForDeploymentPostprocessing = 0;
		};
/* End PBXFrameworksBuildPhase section */

/* Begin PBXGroup section */
		2AA201E92A6650C2007527F7 = {
			isa = PBXGroup;
			children = (
				2AA201F42A6650C2007527F7 /* ARFaceSCNDemo */,
				2AA201F32A6650C2007527F7 /* Products */,
			);
			sourceTree = "<group>";
		};
		2AA201F32A6650C2007527F7 /* Products */ = {
			isa = PBXGroup;
			children = (
				2AA201F22A6650C2007527F7 /* ARFaceSCNDemo.app */,
			);
			name = Products;
			sourceTree = "<group>";
		};
		2AA201F42A6650C2007527F7 /* ARFaceSCNDemo */ = {
			isa = PBXGroup;
			children = (
				2AA202092A6653FF007527F7 /* Classes */,
				2AA2020A2A66540F007527F7 /* Resources */,
				2AA202032A6650C4007527F7 /* Info.plist */,
			);
			path = ARFaceSCNDemo;
			sourceTree = "<group>";
		};
		2AA202092A6653FF007527F7 /* Classes */ = {
			isa = PBXGroup;
			children = (
				2AB9BA232A6673A700E19A71 /* ViewControllers */,
				2AB9BA192A666D9E00E19A71 /* Managers */,
				2AB9BA1E2A666E4900E19A71 /* Extensions */,
				2AA202102A665AD1007527F7 /* Utils */,
				2AA2020D2A665A6A007527F7 /* Models */,
				2AA201F52A6650C2007527F7 /* AppDelegate.swift */,
				2AA201F72A6650C2007527F7 /* SceneDelegate.swift */,
				2AB9BA262A66746400E19A71 /* ModelColorTBCell.swift */,
			);
			path = Classes;
			sourceTree = "<group>";
		};
		2AA2020A2A66540F007527F7 /* Resources */ = {
			isa = PBXGroup;
			children = (
				AF0369532A74086600596F73 /* glass5.usdz */,
				AF86AF972A7399C50028DB8C /* glassesUSDZ.usdz */,
				AF03694F2A74085900596F73 /* glass4.usdz */,
				AF0369512A74085F00596F73 /* glass3.usdz */,
				AF03694D2A74085200596F73 /* glass2.usdz */,
				AF03694B2A74084A00596F73 /* glass1.usdz */,
				2AA201FB2A6650C2007527F7 /* Main.storyboard */,
				2AA201FE2A6650C4007527F7 /* Assets.xcassets */,
				2AA202002A6650C4007527F7 /* LaunchScreen.storyboard */,
				2AA2020B2A66546B007527F7 /* SceneKitModels.scnassets */,
			);
			path = Resources;
			sourceTree = "<group>";
		};
		2AA2020D2A665A6A007527F7 /* Models */ = {
			isa = PBXGroup;
			children = (
				2AA2020E2A665AA1007527F7 /* Model3D.swift */,
				2AB9BA1C2A666DED00E19A71 /* Appearence.swift */,
				2AB9BA282A66748100E19A71 /* ModelSizeCVCell.swift */,
			);
			path = Models;
			sourceTree = "<group>";
		};
		2AA202102A665AD1007527F7 /* Utils */ = {
			isa = PBXGroup;
			children = (
				2AA202112A665AE2007527F7 /* Constants.swift */,
				AF42AE312A89F6A000C1F3A6 /* CVFlowLayout.swift */,
			);
			path = Utils;
			sourceTree = "<group>";
		};
		2AB9BA192A666D9E00E19A71 /* Managers */ = {
			isa = PBXGroup;
			children = (
				2AB9BA1A2A666DAD00E19A71 /* ModelsManager.swift */,
			);
			path = Managers;
			sourceTree = "<group>";
		};
		2AB9BA1E2A666E4900E19A71 /* Extensions */ = {
			isa = PBXGroup;
			children = (
				2AB9BA1F2A666E5B00E19A71 /* Extensions.swift */,
				2AB9BA212A666EBF00E19A71 /* SCNRefereneNodeExtension.swift */,
			);
			path = Extensions;
			sourceTree = "<group>";
		};
		2AB9BA232A6673A700E19A71 /* ViewControllers */ = {
			isa = PBXGroup;
			children = (
				AF3455842A779FF500DDF132 /* PhotoPreviewView.swift */,
				2AA201F92A6650C2007527F7 /* ViewController.swift */,
				2AB9BA242A6673C500E19A71 /* TryModelVC.swift */,
			);
			path = ViewControllers;
			sourceTree = "<group>";
		};
/* End PBXGroup section */

/* Begin PBXNativeTarget section */
		2AA201F12A6650C2007527F7 /* ARFaceSCNDemo */ = {
			isa = PBXNativeTarget;
			buildConfigurationList = 2AA202062A6650C4007527F7 /* Build configuration list for PBXNativeTarget "ARFaceSCNDemo" */;
			buildPhases = (
				2AA201EE2A6650C2007527F7 /* Sources */,
				2AA201EF2A6650C2007527F7 /* Frameworks */,
				2AA201F02A6650C2007527F7 /* Resources */,
			);
			buildRules = (
			);
			dependencies = (
			);
			name = ARFaceSCNDemo;
			productName = ARFaceSCNDemo;
			productReference = 2AA201F22A6650C2007527F7 /* ARFaceSCNDemo.app */;
			productType = "com.apple.product-type.application";
		};
/* End PBXNativeTarget section */

/* Begin PBXProject section */
		2AA201EA2A6650C2007527F7 /* Project object */ = {
			isa = PBXProject;
			attributes = {
				BuildIndependentTargetsInParallel = 1;
				LastSwiftUpdateCheck = 1410;
				LastUpgradeCheck = 1410;
				TargetAttributes = {
					2AA201F12A6650C2007527F7 = {
						CreatedOnToolsVersion = 14.1;
					};
				};
			};
			buildConfigurationList = 2AA201ED2A6650C2007527F7 /* Build configuration list for PBXProject "ARFaceSCNDemo" */;
			compatibilityVersion = "Xcode 14.0";
			developmentRegion = en;
			hasScannedForEncodings = 0;
			knownRegions = (
				en,
				Base,
			);
			mainGroup = 2AA201E92A6650C2007527F7;
			productRefGroup = 2AA201F32A6650C2007527F7 /* Products */;
			projectDirPath = "";
			projectRoot = "";
			targets = (
				2AA201F12A6650C2007527F7 /* ARFaceSCNDemo */,
			);
		};
/* End PBXProject section */

/* Begin PBXResourcesBuildPhase section */
		2AA201F02A6650C2007527F7 /* Resources */ = {
			isa = PBXResourcesBuildPhase;
			buildActionMask = 2147483647;
			files = (
				AF86AF982A7399C50028DB8C /* glassesUSDZ.usdz in Resources */,
				2AA202022A6650C4007527F7 /* LaunchScreen.storyboard in Resources */,
				2AA201FF2A6650C4007527F7 /* Assets.xcassets in Resources */,
				2AA201FD2A6650C2007527F7 /* Main.storyboard in Resources */,
				2AA2020C2A66546B007527F7 /* SceneKitModels.scnassets in Resources */,
				AF03694E2A74085200596F73 /* glass2.usdz in Resources */,
				AF0369502A74085900596F73 /* glass4.usdz in Resources */,
				AF0369522A74085F00596F73 /* glass3.usdz in Resources */,
				AF03694C2A74084A00596F73 /* glass1.usdz in Resources */,
				AF0369542A74086600596F73 /* glass5.usdz in Resources */,
			);
			runOnlyForDeploymentPostprocessing = 0;
		};
/* End PBXResourcesBuildPhase section */

/* Begin PBXSourcesBuildPhase section */
		2AA201EE2A6650C2007527F7 /* Sources */ = {
			isa = PBXSourcesBuildPhase;
			buildActionMask = 2147483647;
			files = (
				2AB9BA1D2A666DED00E19A71 /* Appearence.swift in Sources */,
				2AA202122A665AE2007527F7 /* Constants.swift in Sources */,
				2AB9BA272A66746400E19A71 /* ModelColorTBCell.swift in Sources */,
				2AA2020F2A665AA1007527F7 /* Model3D.swift in Sources */,
				2AB9BA202A666E5B00E19A71 /* Extensions.swift in Sources */,
				2AB9BA292A66748100E19A71 /* ModelSizeCVCell.swift in Sources */,
				AF3455852A779FF500DDF132 /* PhotoPreviewView.swift in Sources */,
				2AB9BA222A666EBF00E19A71 /* SCNRefereneNodeExtension.swift in Sources */,
				AF42AE322A89F6A000C1F3A6 /* CVFlowLayout.swift in Sources */,
				2AA201FA2A6650C2007527F7 /* ViewController.swift in Sources */,
				2AB9BA252A6673C500E19A71 /* TryModelVC.swift in Sources */,
				2AB9BA1B2A666DAD00E19A71 /* ModelsManager.swift in Sources */,
				2AA201F62A6650C2007527F7 /* AppDelegate.swift in Sources */,
				2AA201F82A6650C2007527F7 /* SceneDelegate.swift in Sources */,
			);
			runOnlyForDeploymentPostprocessing = 0;
		};
/* End PBXSourcesBuildPhase section */

/* Begin PBXVariantGroup section */
		2AA201FB2A6650C2007527F7 /* Main.storyboard */ = {
			isa = PBXVariantGroup;
			children = (
				2AA201FC2A6650C2007527F7 /* Base */,
			);
			name = Main.storyboard;
			sourceTree = "<group>";
		};
		2AA202002A6650C4007527F7 /* LaunchScreen.storyboard */ = {
			isa = PBXVariantGroup;
			children = (
				2AA202012A6650C4007527F7 /* Base */,
			);
			name = LaunchScreen.storyboard;
			sourceTree = "<group>";
		};
/* End PBXVariantGroup section */

/* Begin XCBuildConfiguration section */
		2AA202042A6650C4007527F7 /* Debug */ = {
			isa = XCBuildConfiguration;
			buildSettings = {
				ALWAYS_SEARCH_USER_PATHS = NO;
				CLANG_ANALYZER_NONNULL = YES;
				CLANG_ANALYZER_NUMBER_OBJECT_CONVERSION = YES_AGGRESSIVE;
				CLANG_CXX_LANGUAGE_STANDARD = "gnu++20";
				CLANG_ENABLE_MODULES = YES;
				CLANG_ENABLE_OBJC_ARC = YES;
				CLANG_ENABLE_OBJC_WEAK = YES;
				CLANG_WARN_BLOCK_CAPTURE_AUTORELEASING = YES;
				CLANG_WARN_BOOL_CONVERSION = YES;
				CLANG_WARN_COMMA = YES;
				CLANG_WARN_CONSTANT_CONVERSION = YES;
				CLANG_WARN_DEPRECATED_OBJC_IMPLEMENTATIONS = YES;
				CLANG_WARN_DIRECT_OBJC_ISA_USAGE = YES_ERROR;
				CLANG_WARN_DOCUMENTATION_COMMENTS = YES;
				CLANG_WARN_EMPTY_BODY = YES;
				CLANG_WARN_ENUM_CONVERSION = YES;
				CLANG_WARN_INFINITE_RECURSION = YES;
				CLANG_WARN_INT_CONVERSION = YES;
				CLANG_WARN_NON_LITERAL_NULL_CONVERSION = YES;
				CLANG_WARN_OBJC_IMPLICIT_RETAIN_SELF = YES;
				CLANG_WARN_OBJC_LITERAL_CONVERSION = YES;
				CLANG_WARN_OBJC_ROOT_CLASS = YES_ERROR;
				CLANG_WARN_QUOTED_INCLUDE_IN_FRAMEWORK_HEADER = YES;
				CLANG_WARN_RANGE_LOOP_ANALYSIS = YES;
				CLANG_WARN_STRICT_PROTOTYPES = YES;
				CLANG_WARN_SUSPICIOUS_MOVE = YES;
				CLANG_WARN_UNGUARDED_AVAILABILITY = YES_AGGRESSIVE;
				CLANG_WARN_UNREACHABLE_CODE = YES;
				CLANG_WARN__DUPLICATE_METHOD_MATCH = YES;
				COPY_PHASE_STRIP = NO;
				DEBUG_INFORMATION_FORMAT = dwarf;
				ENABLE_STRICT_OBJC_MSGSEND = YES;
				ENABLE_TESTABILITY = YES;
				GCC_C_LANGUAGE_STANDARD = gnu11;
				GCC_DYNAMIC_NO_PIC = NO;
				GCC_NO_COMMON_BLOCKS = YES;
				GCC_OPTIMIZATION_LEVEL = 0;
				GCC_PREPROCESSOR_DEFINITIONS = (
					"DEBUG=1",
					"$(inherited)",
				);
				GCC_WARN_64_TO_32_BIT_CONVERSION = YES;
				GCC_WARN_ABOUT_RETURN_TYPE = YES_ERROR;
				GCC_WARN_UNDECLARED_SELECTOR = YES;
				GCC_WARN_UNINITIALIZED_AUTOS = YES_AGGRESSIVE;
				GCC_WARN_UNUSED_FUNCTION = YES;
				GCC_WARN_UNUSED_VARIABLE = YES;
				IPHONEOS_DEPLOYMENT_TARGET = 16.1;
				MTL_ENABLE_DEBUG_INFO = INCLUDE_SOURCE;
				MTL_FAST_MATH = YES;
				ONLY_ACTIVE_ARCH = YES;
				SDKROOT = iphoneos;
				SWIFT_ACTIVE_COMPILATION_CONDITIONS = DEBUG;
				SWIFT_OPTIMIZATION_LEVEL = "-Onone";
			};
			name = Debug;
		};
		2AA202052A6650C4007527F7 /* Release */ = {
			isa = XCBuildConfiguration;
			buildSettings = {
				ALWAYS_SEARCH_USER_PATHS = NO;
				CLANG_ANALYZER_NONNULL = YES;
				CLANG_ANALYZER_NUMBER_OBJECT_CONVERSION = YES_AGGRESSIVE;
				CLANG_CXX_LANGUAGE_STANDARD = "gnu++20";
				CLANG_ENABLE_MODULES = YES;
				CLANG_ENABLE_OBJC_ARC = YES;
				CLANG_ENABLE_OBJC_WEAK = YES;
				CLANG_WARN_BLOCK_CAPTURE_AUTORELEASING = YES;
				CLANG_WARN_BOOL_CONVERSION = YES;
				CLANG_WARN_COMMA = YES;
				CLANG_WARN_CONSTANT_CONVERSION = YES;
				CLANG_WARN_DEPRECATED_OBJC_IMPLEMENTATIONS = YES;
				CLANG_WARN_DIRECT_OBJC_ISA_USAGE = YES_ERROR;
				CLANG_WARN_DOCUMENTATION_COMMENTS = YES;
				CLANG_WARN_EMPTY_BODY = YES;
				CLANG_WARN_ENUM_CONVERSION = YES;
				CLANG_WARN_INFINITE_RECURSION = YES;
				CLANG_WARN_INT_CONVERSION = YES;
				CLANG_WARN_NON_LITERAL_NULL_CONVERSION = YES;
				CLANG_WARN_OBJC_IMPLICIT_RETAIN_SELF = YES;
				CLANG_WARN_OBJC_LITERAL_CONVERSION = YES;
				CLANG_WARN_OBJC_ROOT_CLASS = YES_ERROR;
				CLANG_WARN_QUOTED_INCLUDE_IN_FRAMEWORK_HEADER = YES;
				CLANG_WARN_RANGE_LOOP_ANALYSIS = YES;
				CLANG_WARN_STRICT_PROTOTYPES = YES;
				CLANG_WARN_SUSPICIOUS_MOVE = YES;
				CLANG_WARN_UNGUARDED_AVAILABILITY = YES_AGGRESSIVE;
				CLANG_WARN_UNREACHABLE_CODE = YES;
				CLANG_WARN__DUPLICATE_METHOD_MATCH = YES;
				COPY_PHASE_STRIP = NO;
				DEBUG_INFORMATION_FORMAT = "dwarf-with-dsym";
				ENABLE_NS_ASSERTIONS = NO;
				ENABLE_STRICT_OBJC_MSGSEND = YES;
				GCC_C_LANGUAGE_STANDARD = gnu11;
				GCC_NO_COMMON_BLOCKS = YES;
				GCC_WARN_64_TO_32_BIT_CONVERSION = YES;
				GCC_WARN_ABOUT_RETURN_TYPE = YES_ERROR;
				GCC_WARN_UNDECLARED_SELECTOR = YES;
				GCC_WARN_UNINITIALIZED_AUTOS = YES_AGGRESSIVE;
				GCC_WARN_UNUSED_FUNCTION = YES;
				GCC_WARN_UNUSED_VARIABLE = YES;
				IPHONEOS_DEPLOYMENT_TARGET = 16.1;
				MTL_ENABLE_DEBUG_INFO = NO;
				MTL_FAST_MATH = YES;
				SDKROOT = iphoneos;
				SWIFT_COMPILATION_MODE = wholemodule;
				SWIFT_OPTIMIZATION_LEVEL = "-O";
				VALIDATE_PRODUCT = YES;
			};
			name = Release;
		};
		2AA202072A6650C4007527F7 /* Debug */ = {
			isa = XCBuildConfiguration;
			buildSettings = {
				ASSETCATALOG_COMPILER_APPICON_NAME = AppIcon;
				ASSETCATALOG_COMPILER_GLOBAL_ACCENT_COLOR_NAME = AccentColor;
				CODE_SIGN_STYLE = Automatic;
				CURRENT_PROJECT_VERSION = 1;
				DEVELOPMENT_TEAM = 873ZSVBQQY;
				GENERATE_INFOPLIST_FILE = YES;
				INFOPLIST_FILE = ARFaceSCNDemo/Info.plist;
				INFOPLIST_KEY_NSCameraUsageDescription = "Camera needed for AR ";
				INFOPLIST_KEY_UIApplicationSupportsIndirectInputEvents = YES;
				INFOPLIST_KEY_UILaunchStoryboardName = LaunchScreen;
				INFOPLIST_KEY_UIMainStoryboardFile = Main;
				INFOPLIST_KEY_UISupportedInterfaceOrientations_iPad = "UIInterfaceOrientationPortrait UIInterfaceOrientationPortraitUpsideDown UIInterfaceOrientationLandscapeLeft UIInterfaceOrientationLandscapeRight";
				INFOPLIST_KEY_UISupportedInterfaceOrientations_iPhone = "UIInterfaceOrientationPortrait UIInterfaceOrientationLandscapeLeft UIInterfaceOrientationLandscapeRight";
				LD_RUNPATH_SEARCH_PATHS = (
					"$(inherited)",
					"@executable_path/Frameworks",
				);
				MARKETING_VERSION = 1.0;
				PRODUCT_BUNDLE_IDENTIFIER = com.arun.lelodewm;
				PRODUCT_NAME = "$(TARGET_NAME)";
				SWIFT_EMIT_LOC_STRINGS = YES;
				SWIFT_VERSION = 5.0;
				TARGETED_DEVICE_FAMILY = "1,2";
			};
			name = Debug;
		};
		2AA202082A6650C4007527F7 /* Release */ = {
			isa = XCBuildConfiguration;
			buildSettings = {
				ASSETCATALOG_COMPILER_APPICON_NAME = AppIcon;
				ASSETCATALOG_COMPILER_GLOBAL_ACCENT_COLOR_NAME = AccentColor;
				CODE_SIGN_STYLE = Automatic;
				CURRENT_PROJECT_VERSION = 1;
				DEVELOPMENT_TEAM = 873ZSVBQQY;
				GENERATE_INFOPLIST_FILE = YES;
				INFOPLIST_FILE = ARFaceSCNDemo/Info.plist;
				INFOPLIST_KEY_NSCameraUsageDescription = "Camera needed for AR ";
				INFOPLIST_KEY_UIApplicationSupportsIndirectInputEvents = YES;
				INFOPLIST_KEY_UILaunchStoryboardName = LaunchScreen;
				INFOPLIST_KEY_UIMainStoryboardFile = Main;
				INFOPLIST_KEY_UISupportedInterfaceOrientations_iPad = "UIInterfaceOrientationPortrait UIInterfaceOrientationPortraitUpsideDown UIInterfaceOrientationLandscapeLeft UIInterfaceOrientationLandscapeRight";
				INFOPLIST_KEY_UISupportedInterfaceOrientations_iPhone = "UIInterfaceOrientationPortrait UIInterfaceOrientationLandscapeLeft UIInterfaceOrientationLandscapeRight";
				LD_RUNPATH_SEARCH_PATHS = (
					"$(inherited)",
					"@executable_path/Frameworks",
				);
				MARKETING_VERSION = 1.0;
				PRODUCT_BUNDLE_IDENTIFIER = com.arun.lelodewm;
				PRODUCT_NAME = "$(TARGET_NAME)";
				SWIFT_EMIT_LOC_STRINGS = YES;
				SWIFT_VERSION = 5.0;
				TARGETED_DEVICE_FAMILY = "1,2";
			};
			name = Release;
		};
/* End XCBuildConfiguration section */

/* Begin XCConfigurationList section */
		2AA201ED2A6650C2007527F7 /* Build configuration list for PBXProject "ARFaceSCNDemo" */ = {
			isa = XCConfigurationList;
			buildConfigurations = (
				2AA202042A6650C4007527F7 /* Debug */,
				2AA202052A6650C4007527F7 /* Release */,
			);
			defaultConfigurationIsVisible = 0;
			defaultConfigurationName = Release;
		};
		2AA202062A6650C4007527F7 /* Build configuration list for PBXNativeTarget "ARFaceSCNDemo" */ = {
			isa = XCConfigurationList;
			buildConfigurations = (
				2AA202072A6650C4007527F7 /* Debug */,
				2AA202082A6650C4007527F7 /* Release */,
			);
			defaultConfigurationIsVisible = 0;
			defaultConfigurationName = Release;
		};
/* End XCConfigurationList section */
	};
	rootObject = 2AA201EA2A6650C2007527F7 /* Project object */;
}
